
Microsoft Visual Studio Solution File, Format Version 12.00
# Visual Studio Version 17
VisualStudioVersion = 17.5.002.0
MinimumVisualStudioVersion = 10.0.40219.1
Project("{9A19103F-16F7-4668-BE54-9A1E7A4F7556}") = "PlayerManager4", "PlayerManager4.csproj", "{CD0DF285-669F-4760-84ED-299A646BF263}"
EndProject
Global
	GlobalSection(SolutionConfigurationPlatforms) = preSolution
		Debug|Any CPU = Debug|Any CPU
		Release|Any CPU = Release|Any CPU
	EndGlobalSection
	GlobalSection(ProjectConfigurationPlatforms) = postSolution
		{CD0DF285-669F-4760-84ED-299A646BF263}.Debug|Any CPU.ActiveCfg = Debug|Any CPU
		{CD0DF285-669F-4760-84ED-299A646BF263}.Debug|Any CPU.Build.0 = Debug|Any CPU
		{CD0DF285-669F-4760-84ED-299A646BF263}.Release|Any CPU.ActiveCfg = Release|Any CPU
		{CD0DF285-669F-4760-84ED-299A646BF263}.Release|Any CPU.Build.0 = Release|Any CPU
	EndGlobalSection
	GlobalSection(SolutionProperties) = preSolution
		HideSolutionNode = FALSE
	EndGlobalSection
	GlobalSection(ExtensibilityGlobals) = postSolution
		SolutionGuid = {594D972E-ACA7-4F91-9923-5992795EDC0D}
	EndGlobalSection
EndGlobal
